
Microsoft Visual Studio Solution File, Format Version 12.00
# Visual Studio Version 16
VisualStudioVersion = 16.0.28407.52
MinimumVisualStudioVersion = 10.0.40219.1
Project("{9A19103F-16F7-4668-BE54-9A1E7A4F7556}") = "CoreDemo", "CoreDemo\CoreDemo.csproj", "{6C8B198D-A754-4804-8A99-0A266382F1F7}"
EndProject
Global
	GlobalSection(SolutionConfigurationPlatforms) = preSolution
		Debug|Any CPU = Debug|Any CPU
		Release|Any CPU = Release|Any CPU
	EndGlobalSection
	GlobalSection(ProjectConfigurationPlatforms) = postSolution
		{6C8B198D-A754-4804-8A99-0A266382F1F7}.Debug|Any CPU.ActiveCfg = Debug|Any CPU
		{6C8B198D-A754-4804-8A99-0A266382F1F7}.Debug|Any CPU.Build.0 = Debug|Any CPU
		{6C8B198D-A754-4804-8A99-0A266382F1F7}.Release|Any CPU.ActiveCfg = Debug|Any CPU
		{6C8B198D-A754-4804-8A99-0A266382F1F7}.Release|Any CPU.Build.0 = Debug|Any CPU
	EndGlobalSection
	GlobalSection(SolutionProperties) = preSolution
		HideSolutionNode = FALSE
	EndGlobalSection
	GlobalSection(ExtensibilityGlobals) = postSolution
		SolutionGuid = {8C03A77D-BA8F-4F7D-B8C2-D1078078160D}
	EndGlobalSection
EndGlobal
